
Microsoft Visual Studio Solution File, Format Version 9.00
# Visual C# Express 2005
Project("{FAE04EC0-301F-11D3-BF4B-00C04F79EFBC}") = "Skype C Sharp Example By ZOverLord", "Skype C Sharp Example By ZOverLord\Skype C Sharp Example By ZOverLord.csproj", "{CAE0CBB6-4FAA-4E75-A4F2-B09D1E3745AE}"
EndProject
Global
	GlobalSection(SolutionConfigurationPlatforms) = preSolution
		Debug|Any CPU = Debug|Any CPU
		Release|Any CPU = Release|Any CPU
	EndGlobalSection
	GlobalSection(ProjectConfigurationPlatforms) = postSolution
		{CAE0CBB6-4FAA-4E75-A4F2-B09D1E3745AE}.Debug|Any CPU.ActiveCfg = Debug|Any CPU
		{CAE0CBB6-4FAA-4E75-A4F2-B09D1E3745AE}.Debug|Any CPU.Build.0 = Debug|Any CPU
		{CAE0CBB6-4FAA-4E75-A4F2-B09D1E3745AE}.Release|Any CPU.ActiveCfg = Release|Any CPU
		{CAE0CBB6-4FAA-4E75-A4F2-B09D1E3745AE}.Release|Any CPU.Build.0 = Release|Any CPU
	EndGlobalSection
	GlobalSection(SolutionProperties) = preSolution
		HideSolutionNode = FALSE
	EndGlobalSection
EndGlobal
